
Microsoft Visual Studio Solution File, Format Version 12.00
# Visual Studio Version 16
VisualStudioVersion = 16.0.31005.135
MinimumVisualStudioVersion = 10.0.40219.1
Project("{FAE04EC0-301F-11D3-BF4B-00C04F79EFBC}") = "HttpServer", "HttpServer\HttpServer.csproj", "{3C646B2A-8934-4443-A1C6-F43B62F05E10}"
EndProject
Global
	GlobalSection(SolutionConfigurationPlatforms) = preSolution
		Debug|Any CPU = Debug|Any CPU
		Release|Any CPU = Release|Any CPU
	EndGlobalSection
	GlobalSection(ProjectConfigurationPlatforms) = postSolution
		{3C646B2A-8934-4443-A1C6-F43B62F05E10}.Debug|Any CPU.ActiveCfg = Debug|Any CPU
		{3C646B2A-8934-4443-A1C6-F43B62F05E10}.Debug|Any CPU.Build.0 = Debug|Any CPU
		{3C646B2A-8934-4443-A1C6-F43B62F05E10}.Release|Any CPU.ActiveCfg = Release|Any CPU
		{3C646B2A-8934-4443-A1C6-F43B62F05E10}.Release|Any CPU.Build.0 = Release|Any CPU
	EndGlobalSection
	GlobalSection(SolutionProperties) = preSolution
		HideSolutionNode = FALSE
	EndGlobalSection
	GlobalSection(ExtensibilityGlobals) = postSolution
		SolutionGuid = {8B7D433C-6CC9-4D9C-B2B0-647DE5EB3C14}
	EndGlobalSection
EndGlobal
